// !$*UTF8*$!
{
	archiveVersion = 1;
	classes = {
	};
	objectVersion = 46;
	objects = {

/* Begin PBXBuildFile section */
		87F5A1211B2E99B30058D7AF /* AppDelegate.swift in Sources */ = {isa = PBXBuildFile; fileRef = 87F5A1201B2E99B30058D7AF /* AppDelegate.swift */; };
		87F5A1231B2E99B30058D7AF /* ViewController.swift in Sources */ = {isa = PBXBuildFile; fileRef = 87F5A1221B2E99B30058D7AF /* ViewController.swift */; };
		87F5A1261B2E99B30058D7AF /* Main.storyboard in Resources */ = {isa = PBXBuildFile; fileRef = 87F5A1241B2E99B30058D7AF /* Main.storyboard */; };
		87F5A1281B2E99B30058D7AF /* Images.xcassets in Resources */ = {isa = PBXBuildFile; fileRef = 87F5A1271B2E99B30058D7AF /* Images.xcassets */; };
		87F5A12B1B2E99B30058D7AF /* LaunchScreen.xib in Resources */ = {isa = PBXBuildFile; fileRef = 87F5A1291B2E99B30058D7AF /* LaunchScreen.xib */; };
		87F5A1371B2E99B30058D7AF /* RockBoxTests.swift in Sources */ = {isa = PBXBuildFile; fileRef = 87F5A1361B2E99B30058D7AF /* RockBoxTests.swift */; };
/* End PBXBuildFile section */

/* Begin PBXContainerItemProxy section */
		87F5A1311B2E99B30058D7AF /* PBXContainerItemProxy */ = {
			isa = PBXContainerItemProxy;
			containerPortal = 87F5A1131B2E99B30058D7AF /* Project object */;
			proxyType = 1;
			remoteGlobalIDString = 87F5A11A1B2E99B30058D7AF;
			remoteInfo = RockBox;
		};
/* End PBXContainerItemProxy section */

/* Begin PBXFileReference section */
		87F5A11B1B2E99B30058D7AF /* RockBox.app */ = {isa = PBXFileReference; explicitFileType = wrapper.application; includeInIndex = 0; path = RockBox.app; sourceTree = BUILT_PRODUCTS_DIR; };
		87F5A11F1B2E99B30058D7AF /* Info.plist */ = {isa = PBXFileReference; lastKnownFileType = text.plist.xml; path = Info.plist; sourceTree = "<group>"; };
		87F5A1201B2E99B30058D7AF /* AppDelegate.swift */ = {isa = PBXFileReference; lastKnownFileType = sourcecode.swift; path = AppDelegate.swift; sourceTree = "<group>"; };
		87F5A1221B2E99B30058D7AF /* ViewController.swift */ = {isa = PBXFileReference; lastKnownFileType = sourcecode.swift; path = ViewController.swift; sourceTree = "<group>"; };
		87F5A1251B2E99B30058D7AF /* Base */ = {isa = PBXFileReference; lastKnownFileType = file.storyboard; name = Base; path = Base.lproj/Main.storyboard; sourceTree = "<group>"; };
		87F5A1271B2E99B30058D7AF /* Images.xcassets */ = {isa = PBXFileReference; lastKnownFileType = folder.assetcatalog; path = Images.xcassets; sourceTree = "<group>"; };
		87F5A12A1B2E99B30058D7AF /* Base */ = {isa = PBXFileReference; lastKnownFileType = file.xib; name = Base; path = Base.lproj/LaunchScreen.xib; sourceTree = "<group>"; };
		87F5A1301B2E99B30058D7AF /* RockBoxTests.xctest */ = {isa = PBXFileReference; explicitFileType = wrapper.cfbundle; includeInIndex = 0; path = RockBoxTests.xctest; sourceTree = BUILT_PRODUCTS_DIR; };
		87F5A1351B2E99B30058D7AF /* Info.plist */ = {isa = PBXFileReference; lastKnownFileType = text.plist.xml; path = Info.plist; sourceTree = "<group>"; };
		87F5A1361B2E99B30058D7AF /* RockBoxTests.swift */ = {isa = PBXFileReference; lastKnownFileType = sourcecode.swift; path = RockBoxTests.swift; sourceTree = "<group>"; };
/* End PBXFileReference section */

/* Begin PBXFrameworksBuildPhase section */
		87F5A1181B2E99B30058D7AF /* Frameworks */ = {
			isa = PBXFrameworksBuildPhase;
			buildActionMask = 2147483647;
			files = (
			);
			runOnlyForDeploymentPostprocessing = 0;
		};
		87F5A12D1B2E99B30058D7AF /* Frameworks */ = {
			isa = PBXFrameworksBuildPhase;
			buildActionMask = 2147483647;
			files = (
			);
			runOnlyForDeploymentPostprocessing = 0;
		};
/* End PBXFrameworksBuildPhase section */

/* Begin PBXGroup section */
		87F5A1121B2E99B30058D7AF = {
			isa = PBXGroup;
			children = (
				87F5A11D1B2E99B30058D7AF /* RockBox */,
				87F5A1331B2E99B30058D7AF /* RockBoxTests */,
				87F5A11C1B2E99B30058D7AF /* Products */,
			);
			sourceTree = "<group>";
		};
		87F5A11C1B2E99B30058D7AF /* Products */ = {
			isa = PBXGroup;
			children = (
				87F5A11B1B2E99B30058D7AF /* RockBox.app */,
				87F5A1301B2E99B30058D7AF /* RockBoxTests.xctest */,
			);
			name = Products;
			sourceTree = "<group>";
		};
		87F5A11D1B2E99B30058D7AF /* RockBox */ = {
			isa = PBXGroup;
			children = (
				87F5A1201B2E99B30058D7AF /* AppDelegate.swift */,
				87F5A1221B2E99B30058D7AF /* ViewController.swift */,
				87F5A1241B2E99B30058D7AF /* Main.storyboard */,
				87F5A1271B2E99B30058D7AF /* Images.xcassets */,
				87F5A1291B2E99B30058D7AF /* LaunchScreen.xib */,
				87F5A11E1B2E99B30058D7AF /* Supporting Files */,
			);
			path = RockBox;
			sourceTree = "<group>";
		};
		87F5A11E1B2E99B30058D7AF /* Supporting Files */ = {
			isa = PBXGroup;
			children = (
				87F5A11F1B2E99B30058D7AF /* Info.plist */,
			);
			name = "Supporting Files";
			sourceTree = "<group>";
		};
		87F5A1331B2E99B30058D7AF /* RockBoxTests */ = {
			isa = PBXGroup;
			children = (
				87F5A1361B2E99B30058D7AF /* RockBoxTests.swift */,
				87F5A1341B2E99B30058D7AF /* Supporting Files */,
			);
			path = RockBoxTests;
			sourceTree = "<group>";
		};
		87F5A1341B2E99B30058D7AF /* Supporting Files */ = {
			isa = PBXGroup;
			children = (
				87F5A1351B2E99B30058D7AF /* Info.plist */,
			);
			name = "Supporting Files";
			sourceTree = "<group>";
		};
/* End PBXGroup section */

/* Begin PBXNativeTarget section */
		87F5A11A1B2E99B30058D7AF /* RockBox */ = {
			isa = PBXNativeTarget;
			buildConfigurationList = 87F5A13A1B2E99B30058D7AF /* Build configuration list for PBXNativeTarget "RockBox" */;
			buildPhases = (
				87F5A1171B2E99B30058D7AF /* Sources */,
				87F5A1181B2E99B30058D7AF /* Frameworks */,
				87F5A1191B2E99B30058D7AF /* Resources */,
			);
			buildRules = (
			);
			dependencies = (
			);
			name = RockBox;
			productName = RockBox;
			productReference = 87F5A11B1B2E99B30058D7AF /* RockBox.app */;
			productType = "com.apple.product-type.application";
		};
		87F5A12F1B2E99B30058D7AF /* RockBoxTests */ = {
			isa = PBXNativeTarget;
			buildConfigurationList = 87F5A13D1B2E99B30058D7AF /* Build configuration list for PBXNativeTarget "RockBoxTests" */;
			buildPhases = (
				87F5A12C1B2E99B30058D7AF /* Sources */,
				87F5A12D1B2E99B30058D7AF /* Frameworks */,
				87F5A12E1B2E99B30058D7AF /* Resources */,
			);
			buildRules = (
			);
			dependencies = (
				87F5A1321B2E99B30058D7AF /* PBXTargetDependency */,
			);
			name = RockBoxTests;
			productName = RockBoxTests;
			productReference = 87F5A1301B2E99B30058D7AF /* RockBoxTests.xctest */;
			productType = "com.apple.product-type.bundle.unit-test";
		};
/* End PBXNativeTarget section */

/* Begin PBXProject section */
		87F5A1131B2E99B30058D7AF /* Project object */ = {
			isa = PBXProject;
			attributes = {
				LastUpgradeCheck = 0630;
				ORGANIZATIONNAME = Snow;
				TargetAttributes = {
					87F5A11A1B2E99B30058D7AF = {
						CreatedOnToolsVersion = 6.3.1;
					};
					87F5A12F1B2E99B30058D7AF = {
						CreatedOnToolsVersion = 6.3.1;
						TestTargetID = 87F5A11A1B2E99B30058D7AF;
					};
				};
			};
			buildConfigurationList = 87F5A1161B2E99B30058D7AF /* Build configuration list for PBXProject "RockBox" */;
			compatibilityVersion = "Xcode 3.2";
			developmentRegion = English;
			hasScannedForEncodings = 0;
			knownRegions = (
				en,
				Base,
			);
			mainGroup = 87F5A1121B2E99B30058D7AF;
			productRefGroup = 87F5A11C1B2E99B30058D7AF /* Products */;
			projectDirPath = "";
			projectRoot = "";
			targets = (
				87F5A11A1B2E99B30058D7AF /* RockBox */,
				87F5A12F1B2E99B30058D7AF /* RockBoxTests */,
			);
		};
/* End PBXProject section */

/* Begin PBXResourcesBuildPhase section */
		87F5A1191B2E99B30058D7AF /* Resources */ = {
			isa = PBXResourcesBuildPhase;
			buildActionMask = 2147483647;
			files = (
				87F5A1261B2E99B30058D7AF /* Main.storyboard in Resources */,
				87F5A12B1B2E99B30058D7AF /* LaunchScreen.xib in Resources */,
				87F5A1281B2E99B30058D7AF /* Images.xcassets in Resources */,
			);
			runOnlyForDeploymentPostprocessing = 0;
		};
		87F5A12E1B2E99B30058D7AF /* Resources */ = {
			isa = PBXResourcesBuildPhase;
			buildActionMask = 2147483647;
			files = (
			);
			runOnlyForDeploymentPostprocessing = 0;
		};
/* End PBXResourcesBuildPhase section */

/* Begin PBXSourcesBuildPhase section */
		87F5A1171B2E99B30058D7AF /* Sources */ = {
			isa = PBXSourcesBuildPhase;
			buildActionMask = 2147483647;
			files = (
				87F5A1231B2E99B30058D7AF /* ViewController.swift in Sources */,
				87F5A1211B2E99B30058D7AF /* AppDelegate.swift in Sources */,
			);
			runOnlyForDeploymentPostprocessing = 0;
		};
		87F5A12C1B2E99B30058D7AF /* Sources */ = {
			isa = PBXSourcesBuildPhase;
			buildActionMask = 2147483647;
			files = (
				87F5A1371B2E99B30058D7AF /* RockBoxTests.swift in Sources */,
			);
			runOnlyForDeploymentPostprocessing = 0;
		};
/* End PBXSourcesBuildPhase section */

/* Begin PBXTargetDependency section */
		87F5A1321B2E99B30058D7AF /* PBXTargetDependency */ = {
			isa = PBXTargetDependency;
			target = 87F5A11A1B2E99B30058D7AF /* RockBox */;
			targetProxy = 87F5A1311B2E99B30058D7AF /* PBXContainerItemProxy */;
		};
/* End PBXTargetDependency section */

/* Begin PBXVariantGroup section */
		87F5A1241B2E99B30058D7AF /* Main.storyboard */ = {
			isa = PBXVariantGroup;
			children = (
				87F5A1251B2E99B30058D7AF /* Base */,
			);
			name = Main.storyboard;
			sourceTree = "<group>";
		};
		87F5A1291B2E99B30058D7AF /* LaunchScreen.xib */ = {
			isa = PBXVariantGroup;
			children = (
				87F5A12A1B2E99B30058D7AF /* Base */,
			);
			name = LaunchScreen.xib;
			sourceTree = "<group>";
		};
/* End PBXVariantGroup section */

/* Begin XCBuildConfiguration section */
		87F5A1381B2E99B30058D7AF /* Debug */ = {
			isa = XCBuildConfiguration;
			buildSettings = {
				ALWAYS_SEARCH_USER_PATHS = NO;
				CLANG_CXX_LANGUAGE_STANDARD = "gnu++0x";
				CLANG_CXX_LIBRARY = "libc++";
				CLANG_ENABLE_MODULES = YES;
				CLANG_ENABLE_OBJC_ARC = YES;
				CLANG_WARN_BOOL_CONVERSION = YES;
				CLANG_WARN_CONSTANT_CONVERSION = YES;
				CLANG_WARN_DIRECT_OBJC_ISA_USAGE = YES_ERROR;
				CLANG_WARN_EMPTY_BODY = YES;
				CLANG_WARN_ENUM_CONVERSION = YES;
				CLANG_WARN_INT_CONVERSION = YES;
				CLANG_WARN_OBJC_ROOT_CLASS = YES_ERROR;
				CLANG_WARN_UNREACHABLE_CODE = YES;
				CLANG_WARN__DUPLICATE_METHOD_MATCH = YES;
				"CODE_SIGN_IDENTITY[sdk=iphoneos*]" = "iPhone Developer";
				COPY_PHASE_STRIP = NO;
				DEBUG_INFORMATION_FORMAT = "dwarf-with-dsym";
				ENABLE_STRICT_OBJC_MSGSEND = YES;
				GCC_C_LANGUAGE_STANDARD = gnu99;
				GCC_DYNAMIC_NO_PIC = NO;
				GCC_NO_COMMON_BLOCKS = YES;
				GCC_OPTIMIZATION_LEVEL = 0;
				GCC_PREPROCESSOR_DEFINITIONS = (
					"DEBUG=1",
					"$(inherited)",
				);
				GCC_SYMBOLS_PRIVATE_EXTERN = NO;
				GCC_WARN_64_TO_32_BIT_CONVERSION = YES;
				GCC_WARN_ABOUT_RETURN_TYPE = YES_ERROR;
				GCC_WARN_UNDECLARED_SELECTOR = YES;
				GCC_WARN_UNINITIALIZED_AUTOS = YES_AGGRESSIVE;
				GCC_WARN_UNUSED_FUNCTION = YES;
				GCC_WARN_UNUSED_VARIABLE = YES;
				IPHONEOS_DEPLOYMENT_TARGET = 8.3;
				MTL_ENABLE_DEBUG_INFO = YES;
				ONLY_ACTIVE_ARCH = YES;
				SDKROOT = iphoneos;
				SWIFT_OPTIMIZATION_LEVEL = "-Onone";
				TARGETED_DEVICE_FAMILY = "1,2";
			};
			name = Debug;
		};
		87F5A1391B2E99B30058D7AF /* Release */ = {
			isa = XCBuildConfiguration;
			buildSettings = {
				ALWAYS_SEARCH_USER_PATHS = NO;
				CLANG_CXX_LANGUAGE_STANDARD = "gnu++0x";
				CLANG_CXX_LIBRARY = "libc++";
				CLANG_ENABLE_MODULES = YES;
				CLANG_ENABLE_OBJC_ARC = YES;
				CLANG_WARN_BOOL_CONVERSION = YES;
				CLANG_WARN_CONSTANT_CONVERSION = YES;
				CLANG_WARN_DIRECT_OBJC_ISA_USAGE = YES_ERROR;
				CLANG_WARN_EMPTY_BODY = YES;
				CLANG_WARN_ENUM_CONVERSION = YES;
				CLANG_WARN_INT_CONVERSION = YES;
				CLANG_WARN_OBJC_ROOT_CLASS = YES_ERROR;
				CLANG_WARN_UNREACHABLE_CODE = YES;
				CLANG_WARN__DUPLICATE_METHOD_MATCH = YES;
				"CODE_SIGN_IDENTITY[sdk=iphoneos*]" = "iPhone Developer";
				COPY_PHASE_STRIP = NO;
				DEBUG_INFORMATION_FORMAT = "dwarf-with-dsym";
				ENABLE_NS_ASSERTIONS = NO;
				ENABLE_STRICT_OBJC_MSGSEND = YES;
				GCC_C_LANGUAGE_STANDARD = gnu99;
				GCC_NO_COMMON_BLOCKS = YES;
				GCC_WARN_64_TO_32_BIT_CONVERSION = YES;
				GCC_WARN_ABOUT_RETURN_TYPE = YES_ERROR;
				GCC_WARN_UNDECLARED_SELECTOR = YES;
				GCC_WARN_UNINITIALIZED_AUTOS = YES_AGGRESSIVE;
				GCC_WARN_UNUSED_FUNCTION = YES;
				GCC_WARN_UNUSED_VARIABLE = YES;
				IPHONEOS_DEPLOYMENT_TARGET = 8.3;
				MTL_ENABLE_DEBUG_INFO = NO;
				SDKROOT = iphoneos;
				TARGETED_DEVICE_FAMILY = "1,2";
				VALIDATE_PRODUCT = YES;
			};
			name = Release;
		};
		87F5A13B1B2E99B30058D7AF /* Debug */ = {
			isa = XCBuildConfiguration;
			buildSettings = {
				ASSETCATALOG_COMPILER_APPICON_NAME = AppIcon;
				INFOPLIST_FILE = RockBox/Info.plist;
				LD_RUNPATH_SEARCH_PATHS = "$(inherited) @executable_path/Frameworks";
				PRODUCT_NAME = "$(TARGET_NAME)";
			};
			name = Debug;
		};
		87F5A13C1B2E99B30058D7AF /* Release */ = {
			isa = XCBuildConfiguration;
			buildSettings = {
				ASSETCATALOG_COMPILER_APPICON_NAME = AppIcon;
				INFOPLIST_FILE = RockBox/Info.plist;
				LD_RUNPATH_SEARCH_PATHS = "$(inherited) @executable_path/Frameworks";
				PRODUCT_NAME = "$(TARGET_NAME)";
			};
			name = Release;
		};
		87F5A13E1B2E99B30058D7AF /* Debug */ = {
			isa = XCBuildConfiguration;
			buildSettings = {
				BUNDLE_LOADER = "$(TEST_HOST)";
				FRAMEWORK_SEARCH_PATHS = (
					"$(SDKROOT)/Developer/Library/Frameworks",
					"$(inherited)",
				);
				GCC_PREPROCESSOR_DEFINITIONS = (
					"DEBUG=1",
					"$(inherited)",
				);
				INFOPLIST_FILE = RockBoxTests/Info.plist;
				LD_RUNPATH_SEARCH_PATHS = "$(inherited) @executable_path/Frameworks @loader_path/Frameworks";
				PRODUCT_NAME = "$(TARGET_NAME)";
				TEST_HOST = "$(BUILT_PRODUCTS_DIR)/RockBox.app/RockBox";
			};
			name = Debug;
		};
		87F5A13F1B2E99B30058D7AF /* Release */ = {
			isa = XCBuildConfiguration;
			buildSettings = {
				BUNDLE_LOADER = "$(TEST_HOST)";
				FRAMEWORK_SEARCH_PATHS = (
					"$(SDKROOT)/Developer/Library/Frameworks",
					"$(inherited)",
				);
				INFOPLIST_FILE = RockBoxTests/Info.plist;
				LD_RUNPATH_SEARCH_PATHS = "$(inherited) @executable_path/Frameworks @loader_path/Frameworks";
				PRODUCT_NAME = "$(TARGET_NAME)";
				TEST_HOST = "$(BUILT_PRODUCTS_DIR)/RockBox.app/RockBox";
			};
			name = Release;
		};
/* End XCBuildConfiguration section */

/* Begin XCConfigurationList section */
		87F5A1161B2E99B30058D7AF /* Build configuration list for PBXProject "RockBox" */ = {
			isa = XCConfigurationList;
			buildConfigurations = (
				87F5A1381B2E99B30058D7AF /* Debug */,
				87F5A1391B2E99B30058D7AF /* Release */,
			);
			defaultConfigurationIsVisible = 0;
			defaultConfigurationName = Release;
		};
		87F5A13A1B2E99B30058D7AF /* Build configuration list for PBXNativeTarget "RockBox" */ = {
			isa = XCConfigurationList;
			buildConfigurations = (
				87F5A13B1B2E99B30058D7AF /* Debug */,
				87F5A13C1B2E99B30058D7AF /* Release */,
			);
			defaultConfigurationIsVisible = 0;
		};
		87F5A13D1B2E99B30058D7AF /* Build configuration list for PBXNativeTarget "RockBoxTests" */ = {
			isa = XCConfigurationList;
			buildConfigurations = (
				87F5A13E1B2E99B30058D7AF /* Debug */,
				87F5A13F1B2E99B30058D7AF /* Release */,
			);
			defaultConfigurationIsVisible = 0;
		};
/* End XCConfigurationList section */
	};
	rootObject = 87F5A1131B2E99B30058D7AF /* Project object */;
}
